
Microsoft Visual Studio Solution File, Format Version 12.00
# Visual Studio Version 17
VisualStudioVersion = 17.10.34928.147
MinimumVisualStudioVersion = 10.0.40219.1
Project("{F184B08F-C81C-45F6-A57F-5ABD9991F28F}") = "Aula de Relatórios Noite", "Aula de Relatórios Noite.vbproj", "{17B7F308-73A6-48C2-8E79-FF4482A86A88}"
EndProject
Global
	GlobalSection(SolutionConfigurationPlatforms) = preSolution
		Debug|Any CPU = Debug|Any CPU
		Release|Any CPU = Release|Any CPU
	EndGlobalSection
	GlobalSection(ProjectConfigurationPlatforms) = postSolution
		{17B7F308-73A6-48C2-8E79-FF4482A86A88}.Debug|Any CPU.ActiveCfg = Debug|Any CPU
		{17B7F308-73A6-48C2-8E79-FF4482A86A88}.Debug|Any CPU.Build.0 = Debug|Any CPU
		{17B7F308-73A6-48C2-8E79-FF4482A86A88}.Release|Any CPU.ActiveCfg = Release|Any CPU
		{17B7F308-73A6-48C2-8E79-FF4482A86A88}.Release|Any CPU.Build.0 = Release|Any CPU
	EndGlobalSection
	GlobalSection(SolutionProperties) = preSolution
		HideSolutionNode = FALSE
	EndGlobalSection
	GlobalSection(ExtensibilityGlobals) = postSolution
		SolutionGuid = {131917F6-BBE7-400F-BF04-2E963F9495B0}
	EndGlobalSection
EndGlobal
